
Microsoft Visual Studio Solution File, Format Version 12.00
# Visual Studio Version 17
VisualStudioVersion = 17.10.35201.131
MinimumVisualStudioVersion = 10.0.40219.1
Project("{9A19103F-16F7-4668-BE54-9A1E7A4F7556}") = "SimpleApi1", "src\SimpleApi1.csproj", "{DADEBA8B-CAF2-4B6A-BA5A-FD20E571A82E}"
EndProject
Project("{FAE04EC0-301F-11D3-BF4B-00C04F79EFBC}") = "SimpleApi1.Test", "Test\SimpleApi1.Test.csproj", "{E037F7D9-DB85-4517-A02F-86F94D8D8AB6}"
EndProject
Global
	GlobalSection(SolutionConfigurationPlatforms) = preSolution
		Debug|Any CPU = Debug|Any CPU
		Release|Any CPU = Release|Any CPU
	EndGlobalSection
	GlobalSection(ProjectConfigurationPlatforms) = postSolution
		{DADEBA8B-CAF2-4B6A-BA5A-FD20E571A82E}.Debug|Any CPU.ActiveCfg = Debug|Any CPU
		{DADEBA8B-CAF2-4B6A-BA5A-FD20E571A82E}.Debug|Any CPU.Build.0 = Debug|Any CPU
		{DADEBA8B-CAF2-4B6A-BA5A-FD20E571A82E}.Release|Any CPU.ActiveCfg = Release|Any CPU
		{DADEBA8B-CAF2-4B6A-BA5A-FD20E571A82E}.Release|Any CPU.Build.0 = Release|Any CPU
		{E037F7D9-DB85-4517-A02F-86F94D8D8AB6}.Debug|Any CPU.ActiveCfg = Debug|Any CPU
		{E037F7D9-DB85-4517-A02F-86F94D8D8AB6}.Debug|Any CPU.Build.0 = Debug|Any CPU
		{E037F7D9-DB85-4517-A02F-86F94D8D8AB6}.Release|Any CPU.ActiveCfg = Release|Any CPU
		{E037F7D9-DB85-4517-A02F-86F94D8D8AB6}.Release|Any CPU.Build.0 = Release|Any CPU
	EndGlobalSection
	GlobalSection(SolutionProperties) = preSolution
		HideSolutionNode = FALSE
	EndGlobalSection
	GlobalSection(ExtensibilityGlobals) = postSolution
		SolutionGuid = {0114B099-58B6-4E4B-B56D-2097096705FE}
	EndGlobalSection
EndGlobal
